{
  "name": "@anderjason/node-time",
  "version": "1.0.2",
  "lockfileVersion": 1,
  "requires": true,
  "dependencies": {
    "@anderjason/tests": {
      "version": "2.0.0",
      "resolved": "https://registry.npmjs.org/@anderjason/tests/-/tests-2.0.0.tgz",
      "integrity": "sha512-rX3jJMOXbAFsT40oCdN/DxcZDfuV+0GRo+nIz+cnBktXrfgsz7xcA6qSc8+qY0wu5KWpcWT59oS790wroyjKZg==",
      "requires": {
        "typescript": "^4.4.4"
      }
    },
    "@anderjason/time": {
      "version": "3.0.0",
      "resolved": "https://registry.npmjs.org/@anderjason/time/-/time-3.0.0.tgz",
      "integrity": "sha512-UyJokPNuUlknU6okp+PfUEQHGVTo7xQNOk2VOLcR8SdV4CRqLr19qBCpyIKjgQC1yuXioS7BLVixtm7NI3wjmg==",
      "requires": {
        "@anderjason/tests": "^1.0.1",
        "typescript": "^4.0.3"
      },
      "dependencies": {
        "@anderjason/tests": {
          "version": "1.0.1",
          "resolved": "https://registry.npmjs.org/@anderjason/tests/-/tests-1.0.1.tgz",
          "integrity": "sha512-cZe/kS4An3PzYGDTYorcYOj/xLsR+7YxMXmkBNX5Gi0GZzt5x+u2m4pyYSwOWU1LTqoStEqWeXyc0xtV5Dfx3A==",
          "requires": {
            "typescript": "^4.0.2"
          }
        }
      }
    },
    "@types/node": {
      "version": "16.11.6",
      "resolved": "https://registry.npmjs.org/@types/node/-/node-16.11.6.tgz",
      "integrity": "sha512-ua7PgUoeQFjmWPcoo9khiPum3Pd60k4/2ZGXt18sm2Slk0W0xZTqt5Y0Ny1NyBiN1EVQ/+FaF9NcY4Qe6rwk5w==",
      "dev": true
    },
    "commander": {
      "version": "2.20.0",
      "resolved": "https://registry.npmjs.org/commander/-/commander-2.20.0.tgz",
      "integrity": "sha512-7j2y+40w61zy6YC2iRNpUe/NwhNyoXrYpHMrSunaMG64nRnaf96zO/KMQR4OyN/UnE5KLyEBnKHd4aG3rskjpQ=="
    },
    "timezone-support": {
      "version": "2.0.2",
      "resolved": "https://registry.npmjs.org/timezone-support/-/timezone-support-2.0.2.tgz",
      "integrity": "sha512-J/1PyHCX76vOPuJzCyHMQMH2wTjXCJ30R5EXaS/QTi+xYsL0thS0pubDrHCWnfG4zU1jpPJtctnBBRCOpcJZeQ==",
      "requires": {
        "commander": "2.20.0"
      }
    },
    "typescript": {
      "version": "4.4.4",
      "resolved": "https://registry.npmjs.org/typescript/-/typescript-4.4.4.tgz",
      "integrity": "sha512-DqGhF5IKoBl8WNf8C1gu8q0xZSInh9j1kJJMqT3a94w1JzVaBU4EXOSMrz9yDqMT0xt3selp83fuFMQ0uzv6qA=="
    }
  }
}
